
Microsoft Visual Studio Solution File, Format Version 12.00
Project("{FAE04EC0-301F-11D3-BF4B-00C04F79EFBC}") = "GhostNetwork.Gateway.Api", "GhostNetwork.Gateway.Api\GhostNetwork.Gateway.Api.csproj", "{71E6C0EC-8D8F-4439-BDFB-1FBC9DD9213C}"
EndProject
Project("{2150E333-8FDC-42A3-9474-1A3956D46DE8}") = "SolutionItems", "SolutionItems", "{05B80664-E911-4C78-81E7-07123CE1990E}"
ProjectSection(SolutionItems) = preProject
	docker-compose.yml = docker-compose.yml
EndProjectSection
EndProject
Global
	GlobalSection(SolutionConfigurationPlatforms) = preSolution
		Debug|Any CPU = Debug|Any CPU
		Release|Any CPU = Release|Any CPU
	EndGlobalSection
	GlobalSection(ProjectConfigurationPlatforms) = postSolution
		{71E6C0EC-8D8F-4439-BDFB-1FBC9DD9213C}.Debug|Any CPU.ActiveCfg = Debug|Any CPU
		{71E6C0EC-8D8F-4439-BDFB-1FBC9DD9213C}.Debug|Any CPU.Build.0 = Debug|Any CPU
		{71E6C0EC-8D8F-4439-BDFB-1FBC9DD9213C}.Release|Any CPU.ActiveCfg = Release|Any CPU
		{71E6C0EC-8D8F-4439-BDFB-1FBC9DD9213C}.Release|Any CPU.Build.0 = Release|Any CPU
	EndGlobalSection
EndGlobal
